
Microsoft Visual Studio Solution File, Format Version 12.00
# Visual Studio Version 17
VisualStudioVersion = 17.0.31903.59
MinimumVisualStudioVersion = 10.0.40219.1
Project("{2150E333-8FDC-42A3-9474-1A3956D46DE8}") = "Task0", "Task0", "{F165E215-241F-4C9E-A206-2AF7A68ECE92}"
EndProject
Project("{FAE04EC0-301F-11D3-BF4B-00C04F79EFBC}") = "Tyuiu.SergeevSV.Sprint0.Task0.V0", "Task0\Tyuiu.SergeevSV.Sprint0.Task0.V0\Tyuiu.SergeevSV.Sprint0.Task0.V0.csproj", "{6E3C0356-E3EF-447A-BEFC-2F6E14CF2BE1}"
EndProject
Project("{2150E333-8FDC-42A3-9474-1A3956D46DE8}") = "Task2", "Task2", "{B4968346-DD0B-4133-BF30-B3DB85BDA701}"
EndProject
Project("{FAE04EC0-301F-11D3-BF4B-00C04F79EFBC}") = "Tyuiu.SergeevSV.Sprint0.Task2.V0", "Task2\Tyuiu.SergeevSV.Sprint0.Task2.V0\Tyuiu.SergeevSV.Sprint0.Task2.V0.csproj", "{7766A6B4-4941-4C7E-BE34-B7F8A9187B55}"
EndProject
Project("{FAE04EC0-301F-11D3-BF4B-00C04F79EFBC}") = "Tyuiu.SergeevSV.Sprint0.Task2.V0.Lib", "Task2\Tyuiu.SergeevSV.Sprint0.Task2.V0.Lib\Tyuiu.SergeevSV.Sprint0.Task2.V0.Lib.csproj", "{78730317-5734-4C49-92CB-52F29CEF9A70}"
EndProject
Project("{FAE04EC0-301F-11D3-BF4B-00C04F79EFBC}") = "Tyuiu.SergeevSV.Sprint0.Task2.V0.Test", "Task2\Tyuiu.SergeevSV.Sprint0.Task2.V0.Test\Tyuiu.SergeevSV.Sprint0.Task2.V0.Test.csproj", "{2C01B019-4E29-4403-B0AA-29564B59B89E}"
EndProject
Project("{2150E333-8FDC-42A3-9474-1A3956D46DE8}") = "Task3", "Task3", "{D30547E7-BB42-4FDC-AF0D-21B10DD36890}"
EndProject
Project("{FAE04EC0-301F-11D3-BF4B-00C04F79EFBC}") = "Tyuiu.SergeevSV.Sprint0.Task3.V0", "Task3\Tyuiu.SergeevSV.Sprint0.Task3.V0\Tyuiu.SergeevSV.Sprint0.Task3.V0.csproj", "{849918CD-5E92-4E33-A885-DC1936A837CE}"
EndProject
Project("{FAE04EC0-301F-11D3-BF4B-00C04F79EFBC}") = "Tyuiu.SergeevSV.Sprint0.Task3.V0.Lib", "Task3\Tyuiu.SergeevSV.Sprint0.Task3.V0.Lib\Tyuiu.SergeevSV.Sprint0.Task3.V0.Lib.csproj", "{08BA709E-4A78-4CA1-95BC-AD52038E444E}"
EndProject
Project("{FAE04EC0-301F-11D3-BF4B-00C04F79EFBC}") = "Tyuiu.SergeevSV.Sprint0.Task3.V0.Test", "Task3\Tyuiu.SergeevSV.Sprint0.Task3.V0.Test\Tyuiu.SergeevSV.Sprint0.Task3.V0.Test.csproj", "{86E305E9-0081-4E27-9DA1-A0F13759AEB0}"
EndProject
Project("{2150E333-8FDC-42A3-9474-1A3956D46DE8}") = "Task4", "Task4", "{A916F2CF-20A5-4511-848F-A045248717D0}"
EndProject
Project("{FAE04EC0-301F-11D3-BF4B-00C04F79EFBC}") = "Tyuiu.SergeevSV.Sprint0.Task4.V0", "Task4\Tyuiu.SergeevSV.Sprint0.Task4.V0\Tyuiu.SergeevSV.Sprint0.Task4.V0.csproj", "{D35EB5CA-D6EA-48E6-B6DD-74FFE8E6F533}"
EndProject
Project("{FAE04EC0-301F-11D3-BF4B-00C04F79EFBC}") = "Tyuiu.SergeevSV.Sprint0.Task4.V0.Lib", "Task4\Tyuiu.SergeevSV.Sprint0.Task4.V0.Lib\Tyuiu.SergeevSV.Sprint0.Task4.V0.Lib.csproj", "{57C540A9-9443-4801-8BA0-1D906AC811EC}"
EndProject
Project("{FAE04EC0-301F-11D3-BF4B-00C04F79EFBC}") = "Tyuiu.SergeevSV.Sprint0.Task4.V0.Test", "Task4\Tyuiu.SergeevSV.Sprint0.Task4.V0.Test\Tyuiu.SergeevSV.Sprint0.Task4.V0.Test.csproj", "{87051E2D-6DC6-4BFC-B8E5-322636DEBCC7}"
EndProject
Global
	GlobalSection(SolutionConfigurationPlatforms) = preSolution
		Debug|Any CPU = Debug|Any CPU
		Release|Any CPU = Release|Any CPU
	EndGlobalSection
	GlobalSection(SolutionProperties) = preSolution
		HideSolutionNode = FALSE
	EndGlobalSection
	GlobalSection(ProjectConfigurationPlatforms) = postSolution
		{6E3C0356-E3EF-447A-BEFC-2F6E14CF2BE1}.Debug|Any CPU.ActiveCfg = Debug|Any CPU
		{6E3C0356-E3EF-447A-BEFC-2F6E14CF2BE1}.Debug|Any CPU.Build.0 = Debug|Any CPU
		{6E3C0356-E3EF-447A-BEFC-2F6E14CF2BE1}.Release|Any CPU.ActiveCfg = Release|Any CPU
		{6E3C0356-E3EF-447A-BEFC-2F6E14CF2BE1}.Release|Any CPU.Build.0 = Release|Any CPU
		{7766A6B4-4941-4C7E-BE34-B7F8A9187B55}.Debug|Any CPU.ActiveCfg = Debug|Any CPU
		{7766A6B4-4941-4C7E-BE34-B7F8A9187B55}.Debug|Any CPU.Build.0 = Debug|Any CPU
		{7766A6B4-4941-4C7E-BE34-B7F8A9187B55}.Release|Any CPU.ActiveCfg = Release|Any CPU
		{7766A6B4-4941-4C7E-BE34-B7F8A9187B55}.Release|Any CPU.Build.0 = Release|Any CPU
		{78730317-5734-4C49-92CB-52F29CEF9A70}.Debug|Any CPU.ActiveCfg = Debug|Any CPU
		{78730317-5734-4C49-92CB-52F29CEF9A70}.Debug|Any CPU.Build.0 = Debug|Any CPU
		{78730317-5734-4C49-92CB-52F29CEF9A70}.Release|Any CPU.ActiveCfg = Release|Any CPU
		{78730317-5734-4C49-92CB-52F29CEF9A70}.Release|Any CPU.Build.0 = Release|Any CPU
		{2C01B019-4E29-4403-B0AA-29564B59B89E}.Debug|Any CPU.ActiveCfg = Debug|Any CPU
		{2C01B019-4E29-4403-B0AA-29564B59B89E}.Debug|Any CPU.Build.0 = Debug|Any CPU
		{2C01B019-4E29-4403-B0AA-29564B59B89E}.Release|Any CPU.ActiveCfg = Release|Any CPU
		{2C01B019-4E29-4403-B0AA-29564B59B89E}.Release|Any CPU.Build.0 = Release|Any CPU
		{849918CD-5E92-4E33-A885-DC1936A837CE}.Debug|Any CPU.ActiveCfg = Debug|Any CPU
		{849918CD-5E92-4E33-A885-DC1936A837CE}.Debug|Any CPU.Build.0 = Debug|Any CPU
		{849918CD-5E92-4E33-A885-DC1936A837CE}.Release|Any CPU.ActiveCfg = Release|Any CPU
		{849918CD-5E92-4E33-A885-DC1936A837CE}.Release|Any CPU.Build.0 = Release|Any CPU
		{08BA709E-4A78-4CA1-95BC-AD52038E444E}.Debug|Any CPU.ActiveCfg = Debug|Any CPU
		{08BA709E-4A78-4CA1-95BC-AD52038E444E}.Debug|Any CPU.Build.0 = Debug|Any CPU
		{08BA709E-4A78-4CA1-95BC-AD52038E444E}.Release|Any CPU.ActiveCfg = Release|Any CPU
		{08BA709E-4A78-4CA1-95BC-AD52038E444E}.Release|Any CPU.Build.0 = Release|Any CPU
		{86E305E9-0081-4E27-9DA1-A0F13759AEB0}.Debug|Any CPU.ActiveCfg = Debug|Any CPU
		{86E305E9-0081-4E27-9DA1-A0F13759AEB0}.Debug|Any CPU.Build.0 = Debug|Any CPU
		{86E305E9-0081-4E27-9DA1-A0F13759AEB0}.Release|Any CPU.ActiveCfg = Release|Any CPU
		{86E305E9-0081-4E27-9DA1-A0F13759AEB0}.Release|Any CPU.Build.0 = Release|Any CPU
		{D35EB5CA-D6EA-48E6-B6DD-74FFE8E6F533}.Debug|Any CPU.ActiveCfg = Debug|Any CPU
		{D35EB5CA-D6EA-48E6-B6DD-74FFE8E6F533}.Debug|Any CPU.Build.0 = Debug|Any CPU
		{D35EB5CA-D6EA-48E6-B6DD-74FFE8E6F533}.Release|Any CPU.ActiveCfg = Release|Any CPU
		{D35EB5CA-D6EA-48E6-B6DD-74FFE8E6F533}.Release|Any CPU.Build.0 = Release|Any CPU
		{57C540A9-9443-4801-8BA0-1D906AC811EC}.Debug|Any CPU.ActiveCfg = Debug|Any CPU
		{57C540A9-9443-4801-8BA0-1D906AC811EC}.Debug|Any CPU.Build.0 = Debug|Any CPU
		{57C540A9-9443-4801-8BA0-1D906AC811EC}.Release|Any CPU.ActiveCfg = Release|Any CPU
		{57C540A9-9443-4801-8BA0-1D906AC811EC}.Release|Any CPU.Build.0 = Release|Any CPU
		{87051E2D-6DC6-4BFC-B8E5-322636DEBCC7}.Debug|Any CPU.ActiveCfg = Debug|Any CPU
		{87051E2D-6DC6-4BFC-B8E5-322636DEBCC7}.Debug|Any CPU.Build.0 = Debug|Any CPU
		{87051E2D-6DC6-4BFC-B8E5-322636DEBCC7}.Release|Any CPU.ActiveCfg = Release|Any CPU
		{87051E2D-6DC6-4BFC-B8E5-322636DEBCC7}.Release|Any CPU.Build.0 = Release|Any CPU
	EndGlobalSection
	GlobalSection(NestedProjects) = preSolution
		{6E3C0356-E3EF-447A-BEFC-2F6E14CF2BE1} = {F165E215-241F-4C9E-A206-2AF7A68ECE92}
		{7766A6B4-4941-4C7E-BE34-B7F8A9187B55} = {B4968346-DD0B-4133-BF30-B3DB85BDA701}
		{78730317-5734-4C49-92CB-52F29CEF9A70} = {B4968346-DD0B-4133-BF30-B3DB85BDA701}
		{2C01B019-4E29-4403-B0AA-29564B59B89E} = {B4968346-DD0B-4133-BF30-B3DB85BDA701}
		{849918CD-5E92-4E33-A885-DC1936A837CE} = {D30547E7-BB42-4FDC-AF0D-21B10DD36890}
		{08BA709E-4A78-4CA1-95BC-AD52038E444E} = {D30547E7-BB42-4FDC-AF0D-21B10DD36890}
		{86E305E9-0081-4E27-9DA1-A0F13759AEB0} = {D30547E7-BB42-4FDC-AF0D-21B10DD36890}
		{D35EB5CA-D6EA-48E6-B6DD-74FFE8E6F533} = {A916F2CF-20A5-4511-848F-A045248717D0}
		{57C540A9-9443-4801-8BA0-1D906AC811EC} = {A916F2CF-20A5-4511-848F-A045248717D0}
		{87051E2D-6DC6-4BFC-B8E5-322636DEBCC7} = {A916F2CF-20A5-4511-848F-A045248717D0}
	EndGlobalSection
EndGlobal
